
Microsoft Visual Studio Solution File, Format Version 12.00
# Visual Studio Version 17
VisualStudioVersion = 17.14.36301.6
MinimumVisualStudioVersion = 10.0.40219.1
Project("{FAE04EC0-301F-11D3-BF4B-00C04F79EFBC}") = "Wildlife.Watcher", "Wildlife.Watcher\Wildlife.Watcher.csproj", "{98E9F13A-23C8-4AA0-B0F4-D6733E1C02CC}"
EndProject
Project("{00D1A9C2-B5F0-4AF3-8072-F6C62B433612}") = "Wildlife.SQL", "Wildlife.SQL\Wildlife.SQL.sqlproj", "{42EEB6C9-E4C1-4DD3-B7D9-921B040EA6B6}"
EndProject
Global
	GlobalSection(SolutionConfigurationPlatforms) = preSolution
		Debug|Any CPU = Debug|Any CPU
		Release|Any CPU = Release|Any CPU
	EndGlobalSection
	GlobalSection(ProjectConfigurationPlatforms) = postSolution
		{98E9F13A-23C8-4AA0-B0F4-D6733E1C02CC}.Debug|Any CPU.ActiveCfg = Debug|Any CPU
		{98E9F13A-23C8-4AA0-B0F4-D6733E1C02CC}.Debug|Any CPU.Build.0 = Debug|Any CPU
		{98E9F13A-23C8-4AA0-B0F4-D6733E1C02CC}.Release|Any CPU.ActiveCfg = Release|Any CPU
		{98E9F13A-23C8-4AA0-B0F4-D6733E1C02CC}.Release|Any CPU.Build.0 = Release|Any CPU
		{42EEB6C9-E4C1-4DD3-B7D9-921B040EA6B6}.Debug|Any CPU.ActiveCfg = Debug|Any CPU
		{42EEB6C9-E4C1-4DD3-B7D9-921B040EA6B6}.Debug|Any CPU.Build.0 = Debug|Any CPU
		{42EEB6C9-E4C1-4DD3-B7D9-921B040EA6B6}.Debug|Any CPU.Deploy.0 = Debug|Any CPU
		{42EEB6C9-E4C1-4DD3-B7D9-921B040EA6B6}.Release|Any CPU.ActiveCfg = Release|Any CPU
		{42EEB6C9-E4C1-4DD3-B7D9-921B040EA6B6}.Release|Any CPU.Build.0 = Release|Any CPU
		{42EEB6C9-E4C1-4DD3-B7D9-921B040EA6B6}.Release|Any CPU.Deploy.0 = Release|Any CPU
	EndGlobalSection
	GlobalSection(SolutionProperties) = preSolution
		HideSolutionNode = FALSE
	EndGlobalSection
	GlobalSection(ExtensibilityGlobals) = postSolution
		SolutionGuid = {99639BFF-037F-4A30-8123-F3A8710E0794}
	EndGlobalSection
EndGlobal
